
Microsoft Visual Studio Solution File, Format Version 12.00
# Visual Studio Version 17
VisualStudioVersion = 17.0.32014.148
MinimumVisualStudioVersion = 10.0.40219.1
Project("{9A19103F-16F7-4668-BE54-9A1E7A4F7556}") = "GitHubActionsDemo", "GitHubActionsDemo\GitHubActionsDemo.csproj", "{A87AF673-597F-4C90-9ED5-13D496DC1A7E}"
EndProject
Project("{FAE04EC0-301F-11D3-BF4B-00C04F79EFBC}") = "GitHubActionsDemo.Tests", "GitHubActionsDemo.Tests\GitHubActionsDemo.Tests.csproj", "{B6E1F7FE-0605-428A-B77C-7E51CBC2B2C3}"
EndProject
Global
	GlobalSection(SolutionConfigurationPlatforms) = preSolution
		Debug|Any CPU = Debug|Any CPU
		Release|Any CPU = Release|Any CPU
	EndGlobalSection
	GlobalSection(ProjectConfigurationPlatforms) = postSolution
		{A87AF673-597F-4C90-9ED5-13D496DC1A7E}.Debug|Any CPU.ActiveCfg = Debug|Any CPU
		{A87AF673-597F-4C90-9ED5-13D496DC1A7E}.Debug|Any CPU.Build.0 = Debug|Any CPU
		{A87AF673-597F-4C90-9ED5-13D496DC1A7E}.Release|Any CPU.ActiveCfg = Release|Any CPU
		{A87AF673-597F-4C90-9ED5-13D496DC1A7E}.Release|Any CPU.Build.0 = Release|Any CPU
		{B6E1F7FE-0605-428A-B77C-7E51CBC2B2C3}.Debug|Any CPU.ActiveCfg = Debug|Any CPU
		{B6E1F7FE-0605-428A-B77C-7E51CBC2B2C3}.Debug|Any CPU.Build.0 = Debug|Any CPU
		{B6E1F7FE-0605-428A-B77C-7E51CBC2B2C3}.Release|Any CPU.ActiveCfg = Release|Any CPU
		{B6E1F7FE-0605-428A-B77C-7E51CBC2B2C3}.Release|Any CPU.Build.0 = Release|Any CPU
	EndGlobalSection
	GlobalSection(SolutionProperties) = preSolution
		HideSolutionNode = FALSE
	EndGlobalSection
	GlobalSection(ExtensibilityGlobals) = postSolution
		SolutionGuid = {9AEA2CFE-1B82-44C3-AD1C-E6CBE01358D5}
	EndGlobalSection
EndGlobal
